
Microsoft Visual Studio Solution File, Format Version 12.00
# Visual Studio Version 16
VisualStudioVersion = 16.0.30011.22
MinimumVisualStudioVersion = 10.0.40219.1
Project("{FAE04EC0-301F-11D3-BF4B-00C04F79EFBC}") = "PopularUI.Android", "PopularUI.Android\PopularUI.Android.csproj", "{AAF2D6E8-1776-4951-83F9-F1C208DD6A30}"
EndProject
Project("{FAE04EC0-301F-11D3-BF4B-00C04F79EFBC}") = "PopularUI.iOS", "PopularUI.iOS\PopularUI.iOS.csproj", "{597C866D-E9E8-4AB1-9B19-AA32FC1A33EA}"
EndProject
Project("{9A19103F-16F7-4668-BE54-9A1E7A4F7556}") = "PopularUI", "PopularUI\PopularUI.csproj", "{7B2C3667-09CD-43F7-B161-271FE6E741FD}"
EndProject
Global
	GlobalSection(SolutionConfigurationPlatforms) = preSolution
		Debug|Any CPU = Debug|Any CPU
		Debug|ARM = Debug|ARM
		Debug|iPhone = Debug|iPhone
		Debug|iPhoneSimulator = Debug|iPhoneSimulator
		Debug|x64 = Debug|x64
		Debug|x86 = Debug|x86
		Release|Any CPU = Release|Any CPU
		Release|ARM = Release|ARM
		Release|iPhone = Release|iPhone
		Release|iPhoneSimulator = Release|iPhoneSimulator
		Release|x64 = Release|x64
		Release|x86 = Release|x86
	EndGlobalSection
	GlobalSection(ProjectConfigurationPlatforms) = postSolution
		{AAF2D6E8-1776-4951-83F9-F1C208DD6A30}.Debug|Any CPU.ActiveCfg = Debug|Any CPU
		{AAF2D6E8-1776-4951-83F9-F1C208DD6A30}.Debug|Any CPU.Build.0 = Debug|Any CPU
		{AAF2D6E8-1776-4951-83F9-F1C208DD6A30}.Debug|Any CPU.Deploy.0 = Debug|Any CPU
		{AAF2D6E8-1776-4951-83F9-F1C208DD6A30}.Debug|ARM.ActiveCfg = Debug|Any CPU
		{AAF2D6E8-1776-4951-83F9-F1C208DD6A30}.Debug|ARM.Build.0 = Debug|Any CPU
		{AAF2D6E8-1776-4951-83F9-F1C208DD6A30}.Debug|ARM.Deploy.0 = Debug|Any CPU
		{AAF2D6E8-1776-4951-83F9-F1C208DD6A30}.Debug|iPhone.ActiveCfg = Debug|Any CPU
		{AAF2D6E8-1776-4951-83F9-F1C208DD6A30}.Debug|iPhone.Build.0 = Debug|Any CPU
		{AAF2D6E8-1776-4951-83F9-F1C208DD6A30}.Debug|iPhone.Deploy.0 = Debug|Any CPU
		{AAF2D6E8-1776-4951-83F9-F1C208DD6A30}.Debug|iPhoneSimulator.ActiveCfg = Debug|Any CPU
		{AAF2D6E8-1776-4951-83F9-F1C208DD6A30}.Debug|iPhoneSimulator.Build.0 = Debug|Any CPU
		{AAF2D6E8-1776-4951-83F9-F1C208DD6A30}.Debug|iPhoneSimulator.Deploy.0 = Debug|Any CPU
		{AAF2D6E8-1776-4951-83F9-F1C208DD6A30}.Debug|x64.ActiveCfg = Debug|Any CPU
		{AAF2D6E8-1776-4951-83F9-F1C208DD6A30}.Debug|x64.Build.0 = Debug|Any CPU
		{AAF2D6E8-1776-4951-83F9-F1C208DD6A30}.Debug|x64.Deploy.0 = Debug|Any CPU
		{AAF2D6E8-1776-4951-83F9-F1C208DD6A30}.Debug|x86.ActiveCfg = Debug|Any CPU
		{AAF2D6E8-1776-4951-83F9-F1C208DD6A30}.Debug|x86.Build.0 = Debug|Any CPU
		{AAF2D6E8-1776-4951-83F9-F1C208DD6A30}.Debug|x86.Deploy.0 = Debug|Any CPU
		{AAF2D6E8-1776-4951-83F9-F1C208DD6A30}.Release|Any CPU.ActiveCfg = Release|Any CPU
		{AAF2D6E8-1776-4951-83F9-F1C208DD6A30}.Release|Any CPU.Build.0 = Release|Any CPU
		{AAF2D6E8-1776-4951-83F9-F1C208DD6A30}.Release|Any CPU.Deploy.0 = Release|Any CPU
		{AAF2D6E8-1776-4951-83F9-F1C208DD6A30}.Release|ARM.ActiveCfg = Release|Any CPU
		{AAF2D6E8-1776-4951-83F9-F1C208DD6A30}.Release|ARM.Build.0 = Release|Any CPU
		{AAF2D6E8-1776-4951-83F9-F1C208DD6A30}.Release|ARM.Deploy.0 = Release|Any CPU
		{AAF2D6E8-1776-4951-83F9-F1C208DD6A30}.Release|iPhone.ActiveCfg = Release|Any CPU
		{AAF2D6E8-1776-4951-83F9-F1C208DD6A30}.Release|iPhone.Build.0 = Release|Any CPU
		{AAF2D6E8-1776-4951-83F9-F1C208DD6A30}.Release|iPhone.Deploy.0 = Release|Any CPU
		{AAF2D6E8-1776-4951-83F9-F1C208DD6A30}.Release|iPhoneSimulator.ActiveCfg = Release|Any CPU
		{AAF2D6E8-1776-4951-83F9-F1C208DD6A30}.Release|iPhoneSimulator.Build.0 = Release|Any CPU
		{AAF2D6E8-1776-4951-83F9-F1C208DD6A30}.Release|iPhoneSimulator.Deploy.0 = Release|Any CPU
		{AAF2D6E8-1776-4951-83F9-F1C208DD6A30}.Release|x64.ActiveCfg = Release|Any CPU
		{AAF2D6E8-1776-4951-83F9-F1C208DD6A30}.Release|x64.Build.0 = Release|Any CPU
		{AAF2D6E8-1776-4951-83F9-F1C208DD6A30}.Release|x64.Deploy.0 = Release|Any CPU
		{AAF2D6E8-1776-4951-83F9-F1C208DD6A30}.Release|x86.ActiveCfg = Release|Any CPU
		{AAF2D6E8-1776-4951-83F9-F1C208DD6A30}.Release|x86.Build.0 = Release|Any CPU
		{AAF2D6E8-1776-4951-83F9-F1C208DD6A30}.Release|x86.Deploy.0 = Release|Any CPU
		{597C866D-E9E8-4AB1-9B19-AA32FC1A33EA}.Debug|Any CPU.ActiveCfg = Debug|iPhone
		{597C866D-E9E8-4AB1-9B19-AA32FC1A33EA}.Debug|Any CPU.Build.0 = Debug|iPhone
		{597C866D-E9E8-4AB1-9B19-AA32FC1A33EA}.Debug|Any CPU.Deploy.0 = Debug|iPhone
		{597C866D-E9E8-4AB1-9B19-AA32FC1A33EA}.Debug|ARM.ActiveCfg = Debug|iPhone
		{597C866D-E9E8-4AB1-9B19-AA32FC1A33EA}.Debug|ARM.Build.0 = Debug|iPhone
		{597C866D-E9E8-4AB1-9B19-AA32FC1A33EA}.Debug|ARM.Deploy.0 = Debug|iPhone
		{597C866D-E9E8-4AB1-9B19-AA32FC1A33EA}.Debug|iPhone.ActiveCfg = Debug|iPhone
		{597C866D-E9E8-4AB1-9B19-AA32FC1A33EA}.Debug|iPhone.Build.0 = Debug|iPhone
		{597C866D-E9E8-4AB1-9B19-AA32FC1A33EA}.Debug|iPhone.Deploy.0 = Debug|iPhone
		{597C866D-E9E8-4AB1-9B19-AA32FC1A33EA}.Debug|iPhoneSimulator.ActiveCfg = Debug|iPhoneSimulator
		{597C866D-E9E8-4AB1-9B19-AA32FC1A33EA}.Debug|iPhoneSimulator.Build.0 = Debug|iPhoneSimulator
		{597C866D-E9E8-4AB1-9B19-AA32FC1A33EA}.Debug|iPhoneSimulator.Deploy.0 = Debug|iPhoneSimulator
		{597C866D-E9E8-4AB1-9B19-AA32FC1A33EA}.Debug|x64.ActiveCfg = Debug|iPhone
		{597C866D-E9E8-4AB1-9B19-AA32FC1A33EA}.Debug|x64.Build.0 = Debug|iPhone
		{597C866D-E9E8-4AB1-9B19-AA32FC1A33EA}.Debug|x64.Deploy.0 = Debug|iPhone
		{597C866D-E9E8-4AB1-9B19-AA32FC1A33EA}.Debug|x86.ActiveCfg = Debug|iPhone
		{597C866D-E9E8-4AB1-9B19-AA32FC1A33EA}.Debug|x86.Build.0 = Debug|iPhone
		{597C866D-E9E8-4AB1-9B19-AA32FC1A33EA}.Debug|x86.Deploy.0 = Debug|iPhone
		{597C866D-E9E8-4AB1-9B19-AA32FC1A33EA}.Release|Any CPU.ActiveCfg = Release|iPhone
		{597C866D-E9E8-4AB1-9B19-AA32FC1A33EA}.Release|Any CPU.Build.0 = Release|iPhone
		{597C866D-E9E8-4AB1-9B19-AA32FC1A33EA}.Release|Any CPU.Deploy.0 = Release|iPhone
		{597C866D-E9E8-4AB1-9B19-AA32FC1A33EA}.Release|ARM.ActiveCfg = Release|iPhone
		{597C866D-E9E8-4AB1-9B19-AA32FC1A33EA}.Release|ARM.Build.0 = Release|iPhone
		{597C866D-E9E8-4AB1-9B19-AA32FC1A33EA}.Release|ARM.Deploy.0 = Release|iPhone
		{597C866D-E9E8-4AB1-9B19-AA32FC1A33EA}.Release|iPhone.ActiveCfg = Release|iPhone
		{597C866D-E9E8-4AB1-9B19-AA32FC1A33EA}.Release|iPhone.Build.0 = Release|iPhone
		{597C866D-E9E8-4AB1-9B19-AA32FC1A33EA}.Release|iPhone.Deploy.0 = Release|iPhone
		{597C866D-E9E8-4AB1-9B19-AA32FC1A33EA}.Release|iPhoneSimulator.ActiveCfg = Release|iPhoneSimulator
		{597C866D-E9E8-4AB1-9B19-AA32FC1A33EA}.Release|iPhoneSimulator.Build.0 = Release|iPhoneSimulator
		{597C866D-E9E8-4AB1-9B19-AA32FC1A33EA}.Release|iPhoneSimulator.Deploy.0 = Release|iPhoneSimulator
		{597C866D-E9E8-4AB1-9B19-AA32FC1A33EA}.Release|x64.ActiveCfg = Release|iPhone
		{597C866D-E9E8-4AB1-9B19-AA32FC1A33EA}.Release|x64.Build.0 = Release|iPhone
		{597C866D-E9E8-4AB1-9B19-AA32FC1A33EA}.Release|x64.Deploy.0 = Release|iPhone
		{597C866D-E9E8-4AB1-9B19-AA32FC1A33EA}.Release|x86.ActiveCfg = Release|iPhone
		{597C866D-E9E8-4AB1-9B19-AA32FC1A33EA}.Release|x86.Build.0 = Release|iPhone
		{597C866D-E9E8-4AB1-9B19-AA32FC1A33EA}.Release|x86.Deploy.0 = Release|iPhone
		{7B2C3667-09CD-43F7-B161-271FE6E741FD}.Debug|Any CPU.ActiveCfg = Debug|Any CPU
		{7B2C3667-09CD-43F7-B161-271FE6E741FD}.Debug|Any CPU.Build.0 = Debug|Any CPU
		{7B2C3667-09CD-43F7-B161-271FE6E741FD}.Debug|Any CPU.Deploy.0 = Debug|Any CPU
		{7B2C3667-09CD-43F7-B161-271FE6E741FD}.Debug|ARM.ActiveCfg = Debug|Any CPU
		{7B2C3667-09CD-43F7-B161-271FE6E741FD}.Debug|ARM.Build.0 = Debug|Any CPU
		{7B2C3667-09CD-43F7-B161-271FE6E741FD}.Debug|ARM.Deploy.0 = Debug|Any CPU
		{7B2C3667-09CD-43F7-B161-271FE6E741FD}.Debug|iPhone.ActiveCfg = Debug|Any CPU
		{7B2C3667-09CD-43F7-B161-271FE6E741FD}.Debug|iPhone.Build.0 = Debug|Any CPU
		{7B2C3667-09CD-43F7-B161-271FE6E741FD}.Debug|iPhone.Deploy.0 = Debug|Any CPU
		{7B2C3667-09CD-43F7-B161-271FE6E741FD}.Debug|iPhoneSimulator.ActiveCfg = Debug|Any CPU
		{7B2C3667-09CD-43F7-B161-271FE6E741FD}.Debug|iPhoneSimulator.Build.0 = Debug|Any CPU
		{7B2C3667-09CD-43F7-B161-271FE6E741FD}.Debug|iPhoneSimulator.Deploy.0 = Debug|Any CPU
		{7B2C3667-09CD-43F7-B161-271FE6E741FD}.Debug|x64.ActiveCfg = Debug|Any CPU
		{7B2C3667-09CD-43F7-B161-271FE6E741FD}.Debug|x64.Build.0 = Debug|Any CPU
		{7B2C3667-09CD-43F7-B161-271FE6E741FD}.Debug|x64.Deploy.0 = Debug|Any CPU
		{7B2C3667-09CD-43F7-B161-271FE6E741FD}.Debug|x86.ActiveCfg = Debug|Any CPU
		{7B2C3667-09CD-43F7-B161-271FE6E741FD}.Debug|x86.Build.0 = Debug|Any CPU
		{7B2C3667-09CD-43F7-B161-271FE6E741FD}.Debug|x86.Deploy.0 = Debug|Any CPU
		{7B2C3667-09CD-43F7-B161-271FE6E741FD}.Release|Any CPU.ActiveCfg = Release|Any CPU
		{7B2C3667-09CD-43F7-B161-271FE6E741FD}.Release|Any CPU.Build.0 = Release|Any CPU
		{7B2C3667-09CD-43F7-B161-271FE6E741FD}.Release|Any CPU.Deploy.0 = Release|Any CPU
		{7B2C3667-09CD-43F7-B161-271FE6E741FD}.Release|ARM.ActiveCfg = Release|Any CPU
		{7B2C3667-09CD-43F7-B161-271FE6E741FD}.Release|ARM.Build.0 = Release|Any CPU
		{7B2C3667-09CD-43F7-B161-271FE6E741FD}.Release|ARM.Deploy.0 = Release|Any CPU
		{7B2C3667-09CD-43F7-B161-271FE6E741FD}.Release|iPhone.ActiveCfg = Release|Any CPU
		{7B2C3667-09CD-43F7-B161-271FE6E741FD}.Release|iPhone.Build.0 = Release|Any CPU
		{7B2C3667-09CD-43F7-B161-271FE6E741FD}.Release|iPhone.Deploy.0 = Release|Any CPU
		{7B2C3667-09CD-43F7-B161-271FE6E741FD}.Release|iPhoneSimulator.ActiveCfg = Release|Any CPU
		{7B2C3667-09CD-43F7-B161-271FE6E741FD}.Release|iPhoneSimulator.Build.0 = Release|Any CPU
		{7B2C3667-09CD-43F7-B161-271FE6E741FD}.Release|iPhoneSimulator.Deploy.0 = Release|Any CPU
		{7B2C3667-09CD-43F7-B161-271FE6E741FD}.Release|x64.ActiveCfg = Release|Any CPU
		{7B2C3667-09CD-43F7-B161-271FE6E741FD}.Release|x64.Build.0 = Release|Any CPU
		{7B2C3667-09CD-43F7-B161-271FE6E741FD}.Release|x64.Deploy.0 = Release|Any CPU
		{7B2C3667-09CD-43F7-B161-271FE6E741FD}.Release|x86.ActiveCfg = Release|Any CPU
		{7B2C3667-09CD-43F7-B161-271FE6E741FD}.Release|x86.Build.0 = Release|Any CPU
		{7B2C3667-09CD-43F7-B161-271FE6E741FD}.Release|x86.Deploy.0 = Release|Any CPU
	EndGlobalSection
	GlobalSection(SolutionProperties) = preSolution
		HideSolutionNode = FALSE
	EndGlobalSection
	GlobalSection(ExtensibilityGlobals) = postSolution
		SolutionGuid = {64D0C2A2-2D99-4473-A18F-6243350E7512}
	EndGlobalSection
EndGlobal
